# This file was autogenerated by Stack.
# You should not edit this file by hand.
# For more information, please see the documentation at:
#   https://docs.haskellstack.org/en/stable/lock_files

packages:
- completed:
    hackage: typerep-map-0.5.0.0@sha256:34f1ba9b268a6d52e26ae460011a5571e8099b50a3f4a7c8db25dd8efe3be8ee,4667
    pantry-tree:
      size: 1487
      sha256: ca5565de307d260dc67f6dae0d4d33eee42a3238183461569b5142ceb909c91d
  original:
    hackage: typerep-map-0.5.0.0@sha256:34f1ba9b268a6d52e26ae460011a5571e8099b50a3f4a7c8db25dd8efe3be8ee,4667
- completed:
    hackage: Unique-0.4.7.9@sha256:a7e154cf6d05169777a1e54aadab24fb3a6eae3ee167e5e77d7ba96d182436c7,2064
    pantry-tree:
      size: 1366
      sha256: eb62502b1de8adee91f0feb104a36f87a21a9367f95295d4f12c73183a9b1e54
  original:
    hackage: Unique-0.4.7.9@sha256:a7e154cf6d05169777a1e54aadab24fb3a6eae3ee167e5e77d7ba96d182436c7,2064
- completed:
    hackage: bv-sized-1.0.4@sha256:ddb32f807240f79e89bd85d9de16d663cb328d981015523bdf0d88d84e332d4f,2099
    pantry-tree:
      size: 709
      sha256: c0cdef891a5df697cb04b3afa6c47e23c1f54c5e6344d11a6ba66adce13b2784
  original:
    hackage: bv-sized-1.0.4@sha256:ddb32f807240f79e89bd85d9de16d663cb328d981015523bdf0d88d84e332d4f,2099
- completed:
    hackage: parameterized-utils-2.1.5.0@sha256:9afa78ad40442118b11959c9c21f50423dc3be002d58d85a17a8969fbd4f0356,4406
    pantry-tree:
      size: 3292
      sha256: 4ed2f5f1f83e738b0c617c2385a6cabc2a63d8f42801fcb5bc12e415a5c10cd3
  original:
    hackage: parameterized-utils-2.1.5.0@sha256:9afa78ad40442118b11959c9c21f50423dc3be002d58d85a17a8969fbd4f0356,4406
- completed:
    hackage: bitwise-1.0.0.1@sha256:04c0e0c65a9228d9e004b5c4b08633b2f0e915afe8f3affc9bd16f75f92ccf61,3110
    pantry-tree:
      size: 760
      sha256: fe95409d2e77769965df68eade44e6eb5fcc63643a94e2645cd5db357670b20f
  original:
    hackage: bitwise-1.0.0.1@sha256:04c0e0c65a9228d9e004b5c4b08633b2f0e915afe8f3affc9bd16f75f92ccf61,3110
- completed:
    hackage: panic-0.4.0.1@sha256:fb46577c9e0ca38c37960572f958a8469f2b577e963ed4f3ea1904d8400d828b,702
    pantry-tree:
      size: 252
      sha256: 2f4a32588a5935a4d58ee50ae2b83cd5be25b1a1b814dbd2c6a9451248c32b4a
  original:
    hackage: panic-0.4.0.1@sha256:fb46577c9e0ca38c37960572f958a8469f2b577e963ed4f3ea1904d8400d828b,702
- completed:
    hackage: doctest-0.20.0@sha256:fd56edde124a92d42c42c74333f0ae74532329d15a6c63d578cbb51f4e7cfd34,7121
    pantry-tree:
      size: 8027
      sha256: 40c399bcd0046d5ac7894d0e781d3aa7f36552dd3d35426b4604d0d2c321dfb7
  original:
    hackage: doctest-0.20.0@sha256:fd56edde124a92d42c42c74333f0ae74532329d15a6c63d578cbb51f4e7cfd34,7121
snapshots:
- completed:
    size: 618876
    url: https://raw.githubusercontent.com/commercialhaskell/stackage-snapshots/master/lts/19/6.yaml
    sha256: fb634b19f31da06684bb07ce02a20c75a3162138f279b388905b03ebd57bb50f
  original:
    url: https://raw.githubusercontent.com/commercialhaskell/stackage-snapshots/master/lts/19/6.yaml
