# This file was autogenerated by Stack.
# You should not edit this file by hand.
# For more information, please see the documentation at:
#   https://docs.haskellstack.org/en/stable/lock_files

packages:
- completed:
    hackage: bitwise-1.0.0.1@sha256:2499779e8c9d59b3d8660e4994d357328750de8b4d1076c9924fb93404fa4c3a,3110
    pantry-tree:
      size: 760
      sha256: dfc85fd0cf52e0595bd5beffaa2633927703d3f92ebdd7ba21cf71afb1bc4816
  original:
    hackage: bitwise-1.0.0.1@sha256:2499779e8c9d59b3d8660e4994d357328750de8b4d1076c9924fb93404fa4c3a,3110
- completed:
    hackage: panic-0.4.0.1@sha256:fb46577c9e0ca38c37960572f958a8469f2b577e963ed4f3ea1904d8400d828b,702
    pantry-tree:
      size: 252
      sha256: 2f4a32588a5935a4d58ee50ae2b83cd5be25b1a1b814dbd2c6a9451248c32b4a
  original:
    hackage: panic-0.4.0.1@sha256:fb46577c9e0ca38c37960572f958a8469f2b577e963ed4f3ea1904d8400d828b,702
- completed:
    hackage: doctest-0.20.0@sha256:fd56edde124a92d42c42c74333f0ae74532329d15a6c63d578cbb51f4e7cfd34,7121
    pantry-tree:
      size: 8027
      sha256: 40c399bcd0046d5ac7894d0e781d3aa7f36552dd3d35426b4604d0d2c321dfb7
  original:
    hackage: doctest-0.20.0@sha256:fd56edde124a92d42c42c74333f0ae74532329d15a6c63d578cbb51f4e7cfd34,7121
- completed:
    hackage: fused-effects-1.0.2.2@sha256:d5158904908e9234a19f7a249e2dcf9fe1d5b663d553bc4d393214b5c6c5340d,4941
    pantry-tree:
      size: 5638
      sha256: 1b97cfe182bef614093733cdbff520b91b7d4eeeec9bad94df02c5b650917447
  original:
    hackage: fused-effects-1.0.2.2
- completed:
    hackage: bv-sized-1.0.3@sha256:0453825c28a5560603ad682ad43dc6699bd6d1aab5512a1351b8d4b7e75917e9,2099
    pantry-tree:
      size: 709
      sha256: c4e0509532e35b24a2600128083b46ae6153b8672ed12e175c35509ed538a39a
  original:
    hackage: bv-sized-1.0.3
- completed:
    hackage: parameterized-utils-2.1.4.0@sha256:ac8bc9945b38b6ec4d1fef83f5f7f7d8ebbf2cb62351dcc92a60fbdae90f2f68,4405
    pantry-tree:
      size: 3292
      sha256: 12d0e0eb45c43547031f6515d30d359155748adc99d65b5c6dbc8905f7caa9a7
  original:
    hackage: parameterized-utils-2.1.4.0
- completed:
    hackage: Unique-0.4.7@sha256:2b8442a754c4d10111a37e1c792d9b08316221bae87ec60258bf32ec06b76797,1484
    pantry-tree:
      size: 629
      sha256: d13646a82faec5f204602c52fd6a267cf2688975a5ffd0cec8b9f5e6ad79022d
  original:
    hackage: Unique-0.4.7
- completed:
    hackage: hashtables-1.2.3.4@sha256:510be063ee0833868f170172af3c80ca72c307f7764353e16a27ca6c1ef5cf72,8486
    pantry-tree:
      size: 3027
      sha256: 04f8651d97bd392ff0bfd8858e80ae23db312af6789f0129295a93f525378f47
  original:
    hackage: hashtables-1.2.3.4
- completed:
    hackage: vector-sized-1.4.1.0@sha256:483152746c74d12f54a111d7be0c88b14b926409270232b9a10e91bad65782ca,1681
    pantry-tree:
      size: 1139
      sha256: 52b8b3c370b331f6630adea2210361f427493c3e77031dee2d8816086fbdd699
  original:
    hackage: vector-sized-1.4.1.0
- completed:
    hackage: hashable-1.3.0.0@sha256:d60cad00223d46172020c136e68acef0481a47d0302b2e74b1805b4f3a446a9b,5389
    pantry-tree:
      size: 1521
      sha256: e7d5dbcea435993e180947216759031527ee3c2ddba276f1942f815d629e1e3a
  original:
    hackage: hashable-1.3.0.0
- completed:
    hackage: unordered-containers-0.2.11.0@sha256:ba70b8a9d7eebc2034bf92e5690b2dd71200e76aa9f3f93e0b6be3f27f244d18,4998
    pantry-tree:
      size: 1416
      sha256: d9b83f62373f509a441223f22f12e22e39b38ef3275dfca7c190a4795bebfed5
  original:
    hackage: unordered-containers-0.2.11.0
- completed:
    hackage: constraints-0.11@sha256:6eff02553c36752afb93dec22c74a522c51a6f64c14728f4a4509d1f59be1a0b,2290
    pantry-tree:
      size: 867
      sha256: 2e7d438f1a675bd82015b7dcf491623cd405c9bf18f360abf1f4bc69af10675a
  original:
    hackage: constraints-0.11
- completed:
    hackage: generic-deriving-1.14.1@sha256:72695b8478606f3a34d311c0310d983c664614643f59bfedeefd291a82b2c30c,6739
    pantry-tree:
      size: 2249
      sha256: 8cafdb582127c9d6545ad88d21aa5343942ec46f772e7ef1915733c55272a0cd
  original:
    hackage: generic-deriving-1.14.1
- completed:
    hackage: mtl-2.2.2@sha256:1050fb71acd9f5d67da7d992583f5bd0eb14407b9dc7acc122af1b738b706ca3,2261
    pantry-tree:
      size: 1713
      sha256: b8bdc2259e2f943a7252fb164805666fe108ac959d398e0af27b43ba2ebc241c
  original:
    hackage: mtl-2.2.2
- completed:
    hackage: transformers-0.5.6.2@sha256:6c959d14430f4deffb99579ba019de07c3d852a2122b6f449344386c7d75ff1d,3172
    pantry-tree:
      size: 2512
      sha256: c79246ba7d61392c2f214376fed3c2a05e4b2649b93ec2c849a86493f278ace0
  original:
    hackage: transformers-0.5.6.2
- completed:
    hackage: typerep-map-0.3.3.0@sha256:20510efab770158414ac7828d1eca063d795bcc724ac634dd13bc7a50b476f42,4681
    pantry-tree:
      size: 1487
      sha256: 30d61ac00807c3229b7b6ee274853f0ec1e272503a1b210ce10aad3db19f443a
  original:
    hackage: typerep-map-0.3.3.0
- completed:
    hackage: sbv-8.11@sha256:f55902b77c31ec57ec2fd527e37ac736f9411868d37b3cf42fea58e06c2ba7fc,28997
    pantry-tree:
      size: 64097
      sha256: 5e91ad6ea4568c2637959f156417a78e17d8ebf7e3cac7291a333defac9ad28d
  original:
    hackage: sbv-8.11
- completed:
    hackage: bytestring-strict-builder-0.4.5.3@sha256:068e467e10304281776e46a324795505099a1cf36fad5fbaf41dd226d6b76f44,4331
    pantry-tree:
      size: 712
      sha256: 679cdee06b62bb09ec17eadc284371ada3e0b0299c8c96d024b8c4929383e451
  original:
    hackage: bytestring-strict-builder-0.4.5.3
- completed:
    hackage: regex-base-0.94.0.0@sha256:44aa95ca762294ffbb28cf0af9c567d93b5d2c56e4f38ce5385a257d899f968e,2253
    pantry-tree:
      size: 483
      sha256: 627ad9d564650590654720934224090a4e8fc3225e84a7fd1af83bc86b2d446a
  original:
    hackage: regex-base-0.94.0.0
- completed:
    hackage: regex-pcre-builtin-0.95.1.1.8.44@sha256:2b269bfb913b5051becb553aece0adb1e21425264a25e9ec13ddbcb47b0b9263,3088
    pantry-tree:
      size: 2587
      sha256: 8e7f5f455c4f2ea43170341da8ed95c32b46d25fa53d2a8f6c0b9fde65ec00bc
  original:
    hackage: regex-pcre-builtin-0.95.1.1.8.44
- completed:
    hackage: th-lift-instances-0.1.16@sha256:5b769900054e2502f8e6ec3ecc483b7037ebc8e1f1b8ae72fa552e87faa3355c,2639
    pantry-tree:
      size: 526
      sha256: 1a8d485f43b39fc59369d3c1dfbf6990fd50c2be33c746fd391b8a46399a4872
  original:
    hackage: th-lift-instances-0.1.16
- completed:
    hackage: utf8-string-1.0.1.1@sha256:68cc6cf665e7212334a51b63d6936daeaca023b2cfe8637d130acfe95f91700b,1151
    pantry-tree:
      size: 546
      sha256: 94c160d3cba160be807fc2957f539453660cf64bd6cb29879aba82424d03527e
  original:
    hackage: utf8-string-1.0.1.1
- completed:
    hackage: megaparsec-8.0.0@sha256:362f85e243ecbcb550e1de6e5c74ba5a50c09edaa1208c99bc5b9fd242227fc6,3808
    pantry-tree:
      size: 1446
      sha256: 955117c00a86970f2d0c215f33cf5293b16589c04678a0a790c03368ab6fd0aa
  original:
    hackage: megaparsec-8.0.0
- completed:
    hackage: parser-combinators-1.0.0@sha256:7374d14cd3b38af0c7f7333049d6af1ccbbe6009deaa66e18701c2194e48f253,1884
    pantry-tree:
      size: 725
      sha256: ea2b83e0b1ddd632012a4ee4d4e87b73038e7be3f9e999a65788d01064bf713a
  original:
    hackage: parser-combinators-1.0.0
- completed:
    hackage: timeit-0.9.0.0@sha256:5c5a2af2785742b6a17cb166b64248adc19ade4853126b8665d3fa2ac2c46380,298
    pantry-tree:
      size: 158
      sha256: d9df7bdefa43c9e3bd993bab6af24ca32cf6998468fe4ac438c14058dabdd39f
  original:
    hackage: timeit-0.9.0.0
- completed:
    hackage: clock-0.7.1@sha256:8ff36c0d291f83e4ab25d9a6cc6562298fdad3b5883d1d033da957af843cbe35,3653
    pantry-tree:
      size: 387
      sha256: f0e55defd6e3c7daff74ad564f5cf55d8da7687bb341b77bd685272380f04878
  original:
    hackage: clock-0.7.1
- completed:
    hackage: formatting-6.3.1@sha256:932bedbc9e977a95365398fe30fe81c2877735dd8588d89f475fadf7d81413de,1811
    pantry-tree:
      size: 1062
      sha256: c51e709ec73ac0225f88bde8708899b49965c062037b502c71d171e47e62d7e5
  original:
    hackage: formatting-6.3.1
- completed:
    hackage: either-5@sha256:3189d6fa583d6b5a2c40120a5b92ade7e72e1f47cf3346f2bf7aac50dda44da4,1388
    pantry-tree:
      size: 657
      sha256: 756fc538cac507e2ad2ea1ba1b53743eba4405638ccd4734835191e63e88f3d9
  original:
    hackage: either-5
- completed:
    hackage: text-1.2.4.1@sha256:e12b468008b3c2bbc1f39bd2dcb75ba8f563c65aa5e54ee223b76463a845b6f1,7184
    pantry-tree:
      size: 7720
      sha256: b1fd81329340a9c6eea4e78313d36c6a333a5de6032ec1536ff6c70a4300b46c
  original:
    hackage: text-1.2.4.1
- completed:
    hackage: monad-coroutine-0.9.0.4@sha256:12204fe94efc5ef002ca986e73acd2a92c1c494ab03747af8115e0690c3855c7,1286
    pantry-tree:
      size: 462
      sha256: d00ba35d13cc935711d8c39abcf25c79ab2cb862a6802584ff2cf67b2a7d5d0c
  original:
    hackage: monad-coroutine-0.9.0.4
- completed:
    hackage: bytestring-0.10.12.0@sha256:3756939e46a9adb9cd5654442e7a44f53d0ad94fca8a9ad7029cc28fa6b0a081,6070
    pantry-tree:
      size: 2140
      sha256: 4e979f335e85ccb677f171f1e8e4d1139c8bc4e3ace7fb1fdf9bdffe9b0d9287
  original:
    hackage: bytestring-0.10.12.0
- completed:
    hackage: deepseq-1.4.4.0@sha256:76902b99ee97fc059311ddb0df9488c54969adf0a212efa39705981761f06b55,2918
    pantry-tree:
      size: 385
      sha256: edf7ecb1e7195bf2c1b595f462343b8a237351acf73e4d0e66e005fc5baa62f4
  original:
    hackage: deepseq-1.4.4.0
- completed:
    hackage: vector-0.12.1.2@sha256:9291bc581f36e51d5bda9fce57cb980fbec3dd292996896f285fef39eb80a9a0,7364
    pantry-tree:
      size: 3784
      sha256: f79eefc8ba2b57ded2276f48046e64663d37b210b6047b6b6ecb30c9da196216
  original:
    hackage: vector-0.12.1.2
- completed:
    hackage: intern-0.9.2@sha256:85eae3bd0a6cbfc622c0c70aa476641971bcd5e59dbc4c7a4b17888e432a5bd5,1619
    pantry-tree:
      size: 921
      sha256: 23a96e5332f89615698291ed8e28a410b8a4a01af70de15869a8565602d89360
  original:
    hackage: intern-0.9.2
- completed:
    hackage: array-0.5.4.0@sha256:2b2425e01d592c0e66594c008405ea4c6f6e4d929daeddabbd81be9bb49ebffa,1588
    pantry-tree:
      size: 1135
      sha256: e17dfafde2f226674cffd56b1f445c332b6e5855860f79dedd9de0b6916e7ff0
  original:
    hackage: array-0.5.4.0
- completed:
    hackage: template-haskell-2.16.0.0@sha256:71d8c2e92b712695cb4fd0be9cd1a41b05c25315e9748cfef1132bf4d02b6556,1917
    pantry-tree:
      size: 850
      sha256: 77c73ebdcd718abd1a5f0a165e7a9ddf7c461693be479405edb43af535cc42d7
  original:
    hackage: template-haskell-2.16.0.0
- completed:
    hackage: loch-th-0.2.2@sha256:262a1f2190decd5e24c9368008a6fc87d83515f5f3a8488e384bd8acc0a5529c,805
    pantry-tree:
      size: 216
      sha256: eb29d168e827411d0fd6c93b9efefc95b02cc252e4c7bb47094e9d52ea955cc9
  original:
    hackage: loch-th-0.2.2
- completed:
    hackage: th-compat-0.1.2@sha256:3d55de1adc542c1a870c9ada90da2fbbe5f4e8bcd3eed545a55c3df9311b32a8,2854
    pantry-tree:
      size: 530
      sha256: 4629996e2e8b5bfd5fbd231fb72e2bf68fbeca2c36071f44a90c4310ea73ad01
  original:
    hackage: th-compat-0.1.2
- completed:
    hackage: hspec-2.7.8@sha256:d9c8e3a8ff5f8d38eb7ab95aac0b50215def0071de091335dcab2f6e0324f226,1709
    pantry-tree:
      size: 583
      sha256: 68cfb48dcf32e6a12ed9abb36a15e54c94c46f32e665f771ea3642dbf4ba2a7d
  original:
    hackage: hspec-2.7.8
- completed:
    hackage: hspec-core-2.7.8@sha256:cf7b487eba15177bdf85fcc0871aab8811964fcf570e52bd08aa3c7a30055742,4768
    pantry-tree:
      size: 3799
      sha256: c34db55bd7c647ceeaa690139a3484cb0de3b03bab06a90424f22f0a1afc3a49
  original:
    hackage: hspec-core-2.7.8
- completed:
    hackage: hspec-discover-2.7.8@sha256:d2a4c026af0878d9da5f67fbe8928b93798eab51a807171b59c43a164feb72ed,2183
    pantry-tree:
      size: 1131
      sha256: 37a471f0da39cbe11800584eb6c744374cf4756d32ae9477627d86403650f1a2
  original:
    hackage: hspec-discover-2.7.8
- completed:
    hackage: QuickCheck-2.14.1@sha256:843e6428c2d80656a0cbff61929d3924e8b450841b6dfba463d0b3f41a48265c,8006
    pantry-tree:
      size: 2315
      sha256: 543c1e661669b7235d3846b08ad3d1f6f6cba0d81c285dbfc15a28e148a347ed
  original:
    hackage: QuickCheck-2.14.1
- completed:
    hackage: hspec-junit-formatter-1.0.0.0@sha256:b8675a71fb44d0e4546a4caa5fba92b370b35e076dcd13b9c6474508ed15b497,1954
    pantry-tree:
      size: 510
      sha256: 71ad7eb752ce8ce38ff4aafa717885ec7259ee8a1a643fa122ff6ceed86c08ef
  original:
    hackage: hspec-junit-formatter-1.0.0.0
snapshots:
- completed:
    size: 590100
    url: https://raw.githubusercontent.com/commercialhaskell/stackage-snapshots/master/lts/18/28.yaml
    sha256: 428ec8d5ce932190d3cbe266b9eb3c175cd81e984babf876b64019e2cbe4ea68
  original:
    url: https://raw.githubusercontent.com/commercialhaskell/stackage-snapshots/master/lts/18/28.yaml
